// !$*UTF8*$!
{
	archiveVersion = 1;
	classes = {
	};
	objectVersion = 56;
	objects = {

/* Begin PBXBuildFile section */
		FE7940A52B6B114D00BAA7F9 /* Specifications.swift in Sources */ = {isa = PBXBuildFile; fileRef = FE7940A42B6B114D00BAA7F9 /* Specifications.swift */; };
		FE7940A72B6B152600BAA7F9 /* EnumSpecific.swift in Sources */ = {isa = PBXBuildFile; fileRef = FE7940A62B6B152600BAA7F9 /* EnumSpecific.swift */; };
		FEF72EB62B6AE37C004EC4D0 /* ProductAppApp.swift in Sources */ = {isa = PBXBuildFile; fileRef = FEF72EB52B6AE37C004EC4D0 /* ProductAppApp.swift */; };
		FEF72EB82B6AE37C004EC4D0 /* RootView.swift in Sources */ = {isa = PBXBuildFile; fileRef = FEF72EB72B6AE37C004EC4D0 /* RootView.swift */; };
		FEF72EBA2B6AE380004EC4D0 /* Assets.xcassets in Resources */ = {isa = PBXBuildFile; fileRef = FEF72EB92B6AE380004EC4D0 /* Assets.xcassets */; };
		FEF72EBD2B6AE380004EC4D0 /* Preview Assets.xcassets in Resources */ = {isa = PBXBuildFile; fileRef = FEF72EBC2B6AE380004EC4D0 /* Preview Assets.xcassets */; };
		FEF72EC42B6AEBBA004EC4D0 /* Resources.swift in Sources */ = {isa = PBXBuildFile; fileRef = FEF72EC32B6AEBBA004EC4D0 /* Resources.swift */; };
		FEF72EC62B6AF512004EC4D0 /* MainView.swift in Sources */ = {isa = PBXBuildFile; fileRef = FEF72EC52B6AF512004EC4D0 /* MainView.swift */; };
		FEF72EC82B6B0AD0004EC4D0 /* DashedDivider.swift in Sources */ = {isa = PBXBuildFile; fileRef = FEF72EC72B6B0AD0004EC4D0 /* DashedDivider.swift */; };
/* End PBXBuildFile section */

/* Begin PBXFileReference section */
		FE7940A42B6B114D00BAA7F9 /* Specifications.swift */ = {isa = PBXFileReference; lastKnownFileType = sourcecode.swift; path = Specifications.swift; sourceTree = "<group>"; };
		FE7940A62B6B152600BAA7F9 /* EnumSpecific.swift */ = {isa = PBXFileReference; lastKnownFileType = sourcecode.swift; path = EnumSpecific.swift; sourceTree = "<group>"; };
		FEF72EB22B6AE37C004EC4D0 /* ProductApp.app */ = {isa = PBXFileReference; explicitFileType = wrapper.application; includeInIndex = 0; path = ProductApp.app; sourceTree = BUILT_PRODUCTS_DIR; };
		FEF72EB52B6AE37C004EC4D0 /* ProductAppApp.swift */ = {isa = PBXFileReference; lastKnownFileType = sourcecode.swift; path = ProductAppApp.swift; sourceTree = "<group>"; };
		FEF72EB72B6AE37C004EC4D0 /* RootView.swift */ = {isa = PBXFileReference; lastKnownFileType = sourcecode.swift; path = RootView.swift; sourceTree = "<group>"; };
		FEF72EB92B6AE380004EC4D0 /* Assets.xcassets */ = {isa = PBXFileReference; lastKnownFileType = folder.assetcatalog; path = Assets.xcassets; sourceTree = "<group>"; };
		FEF72EBC2B6AE380004EC4D0 /* Preview Assets.xcassets */ = {isa = PBXFileReference; lastKnownFileType = folder.assetcatalog; path = "Preview Assets.xcassets"; sourceTree = "<group>"; };
		FEF72EC32B6AEBBA004EC4D0 /* Resources.swift */ = {isa = PBXFileReference; lastKnownFileType = sourcecode.swift; path = Resources.swift; sourceTree = "<group>"; };
		FEF72EC52B6AF512004EC4D0 /* MainView.swift */ = {isa = PBXFileReference; lastKnownFileType = sourcecode.swift; path = MainView.swift; sourceTree = "<group>"; };
		FEF72EC72B6B0AD0004EC4D0 /* DashedDivider.swift */ = {isa = PBXFileReference; lastKnownFileType = sourcecode.swift; path = DashedDivider.swift; sourceTree = "<group>"; };
/* End PBXFileReference section */

/* Begin PBXFrameworksBuildPhase section */
		FEF72EAF2B6AE37C004EC4D0 /* Frameworks */ = {
			isa = PBXFrameworksBuildPhase;
			buildActionMask = 2147483647;
			files = (
			);
			runOnlyForDeploymentPostprocessing = 0;
		};
/* End PBXFrameworksBuildPhase section */

/* Begin PBXGroup section */
		FEF72EA92B6AE37C004EC4D0 = {
			isa = PBXGroup;
			children = (
				FEF72EB42B6AE37C004EC4D0 /* ProductApp */,
				FEF72EB32B6AE37C004EC4D0 /* Products */,
			);
			sourceTree = "<group>";
		};
		FEF72EB32B6AE37C004EC4D0 /* Products */ = {
			isa = PBXGroup;
			children = (
				FEF72EB22B6AE37C004EC4D0 /* ProductApp.app */,
			);
			name = Products;
			sourceTree = "<group>";
		};
		FEF72EB42B6AE37C004EC4D0 /* ProductApp */ = {
			isa = PBXGroup;
			children = (
				FEF72EC92B6B0AF9004EC4D0 /* utils */,
				FEF72EB52B6AE37C004EC4D0 /* ProductAppApp.swift */,
				FEF72EB72B6AE37C004EC4D0 /* RootView.swift */,
				FEF72EC52B6AF512004EC4D0 /* MainView.swift */,
				FEF72EB92B6AE380004EC4D0 /* Assets.xcassets */,
				FEF72EBB2B6AE380004EC4D0 /* Preview Content */,
			);
			path = ProductApp;
			sourceTree = "<group>";
		};
		FEF72EBB2B6AE380004EC4D0 /* Preview Content */ = {
			isa = PBXGroup;
			children = (
				FEF72EBC2B6AE380004EC4D0 /* Preview Assets.xcassets */,
			);
			path = "Preview Content";
			sourceTree = "<group>";
		};
		FEF72EC92B6B0AF9004EC4D0 /* utils */ = {
			isa = PBXGroup;
			children = (
				FE7940A62B6B152600BAA7F9 /* EnumSpecific.swift */,
				FEF72EC32B6AEBBA004EC4D0 /* Resources.swift */,
				FE7940A42B6B114D00BAA7F9 /* Specifications.swift */,
				FEF72EC72B6B0AD0004EC4D0 /* DashedDivider.swift */,
			);
			path = utils;
			sourceTree = "<group>";
		};
/* End PBXGroup section */

/* Begin PBXNativeTarget section */
		FEF72EB12B6AE37C004EC4D0 /* ProductApp */ = {
			isa = PBXNativeTarget;
			buildConfigurationList = FEF72EC02B6AE380004EC4D0 /* Build configuration list for PBXNativeTarget "ProductApp" */;
			buildPhases = (
				FEF72EAE2B6AE37C004EC4D0 /* Sources */,
				FEF72EAF2B6AE37C004EC4D0 /* Frameworks */,
				FEF72EB02B6AE37C004EC4D0 /* Resources */,
			);
			buildRules = (
			);
			dependencies = (
			);
			name = ProductApp;
			productName = ProductApp;
			productReference = FEF72EB22B6AE37C004EC4D0 /* ProductApp.app */;
			productType = "com.apple.product-type.application";
		};
/* End PBXNativeTarget section */

/* Begin PBXProject section */
		FEF72EAA2B6AE37C004EC4D0 /* Project object */ = {
			isa = PBXProject;
			attributes = {
				BuildIndependentTargetsInParallel = 1;
				LastSwiftUpdateCheck = 1430;
				LastUpgradeCheck = 1430;
				TargetAttributes = {
					FEF72EB12B6AE37C004EC4D0 = {
						CreatedOnToolsVersion = 14.3;
					};
				};
			};
			buildConfigurationList = FEF72EAD2B6AE37C004EC4D0 /* Build configuration list for PBXProject "ProductApp" */;
			compatibilityVersion = "Xcode 14.0";
			developmentRegion = en;
			hasScannedForEncodings = 0;
			knownRegions = (
				en,
				Base,
			);
			mainGroup = FEF72EA92B6AE37C004EC4D0;
			productRefGroup = FEF72EB32B6AE37C004EC4D0 /* Products */;
			projectDirPath = "";
			projectRoot = "";
			targets = (
				FEF72EB12B6AE37C004EC4D0 /* ProductApp */,
			);
		};
/* End PBXProject section */

/* Begin PBXResourcesBuildPhase section */
		FEF72EB02B6AE37C004EC4D0 /* Resources */ = {
			isa = PBXResourcesBuildPhase;
			buildActionMask = 2147483647;
			files = (
				FEF72EBD2B6AE380004EC4D0 /* Preview Assets.xcassets in Resources */,
				FEF72EBA2B6AE380004EC4D0 /* Assets.xcassets in Resources */,
			);
			runOnlyForDeploymentPostprocessing = 0;
		};
/* End PBXResourcesBuildPhase section */

/* Begin PBXSourcesBuildPhase section */
		FEF72EAE2B6AE37C004EC4D0 /* Sources */ = {
			isa = PBXSourcesBuildPhase;
			buildActionMask = 2147483647;
			files = (
				FEF72EB82B6AE37C004EC4D0 /* RootView.swift in Sources */,
				FE7940A72B6B152600BAA7F9 /* EnumSpecific.swift in Sources */,
				FEF72EC62B6AF512004EC4D0 /* MainView.swift in Sources */,
				FE7940A52B6B114D00BAA7F9 /* Specifications.swift in Sources */,
				FEF72EC42B6AEBBA004EC4D0 /* Resources.swift in Sources */,
				FEF72EB62B6AE37C004EC4D0 /* ProductAppApp.swift in Sources */,
				FEF72EC82B6B0AD0004EC4D0 /* DashedDivider.swift in Sources */,
			);
			runOnlyForDeploymentPostprocessing = 0;
		};
/* End PBXSourcesBuildPhase section */

/* Begin XCBuildConfiguration section */
		FEF72EBE2B6AE380004EC4D0 /* Debug */ = {
			isa = XCBuildConfiguration;
			buildSettings = {
				ALWAYS_SEARCH_USER_PATHS = NO;
				CLANG_ANALYZER_NONNULL = YES;
				CLANG_ANALYZER_NUMBER_OBJECT_CONVERSION = YES_AGGRESSIVE;
				CLANG_CXX_LANGUAGE_STANDARD = "gnu++20";
				CLANG_ENABLE_MODULES = YES;
				CLANG_ENABLE_OBJC_ARC = YES;
				CLANG_ENABLE_OBJC_WEAK = YES;
				CLANG_WARN_BLOCK_CAPTURE_AUTORELEASING = YES;
				CLANG_WARN_BOOL_CONVERSION = YES;
				CLANG_WARN_COMMA = YES;
				CLANG_WARN_CONSTANT_CONVERSION = YES;
				CLANG_WARN_DEPRECATED_OBJC_IMPLEMENTATIONS = YES;
				CLANG_WARN_DIRECT_OBJC_ISA_USAGE = YES_ERROR;
				CLANG_WARN_DOCUMENTATION_COMMENTS = YES;
				CLANG_WARN_EMPTY_BODY = YES;
				CLANG_WARN_ENUM_CONVERSION = YES;
				CLANG_WARN_INFINITE_RECURSION = YES;
				CLANG_WARN_INT_CONVERSION = YES;
				CLANG_WARN_NON_LITERAL_NULL_CONVERSION = YES;
				CLANG_WARN_OBJC_IMPLICIT_RETAIN_SELF = YES;
				CLANG_WARN_OBJC_LITERAL_CONVERSION = YES;
				CLANG_WARN_OBJC_ROOT_CLASS = YES_ERROR;
				CLANG_WARN_QUOTED_INCLUDE_IN_FRAMEWORK_HEADER = YES;
				CLANG_WARN_RANGE_LOOP_ANALYSIS = YES;
				CLANG_WARN_STRICT_PROTOTYPES = YES;
				CLANG_WARN_SUSPICIOUS_MOVE = YES;
				CLANG_WARN_UNGUARDED_AVAILABILITY = YES_AGGRESSIVE;
				CLANG_WARN_UNREACHABLE_CODE = YES;
				CLANG_WARN__DUPLICATE_METHOD_MATCH = YES;
				COPY_PHASE_STRIP = NO;
				DEBUG_INFORMATION_FORMAT = dwarf;
				ENABLE_STRICT_OBJC_MSGSEND = YES;
				ENABLE_TESTABILITY = YES;
				GCC_C_LANGUAGE_STANDARD = gnu11;
				GCC_DYNAMIC_NO_PIC = NO;
				GCC_NO_COMMON_BLOCKS = YES;
				GCC_OPTIMIZATION_LEVEL = 0;
				GCC_PREPROCESSOR_DEFINITIONS = (
					"DEBUG=1",
					"$(inherited)",
				);
				GCC_WARN_64_TO_32_BIT_CONVERSION = YES;
				GCC_WARN_ABOUT_RETURN_TYPE = YES_ERROR;
				GCC_WARN_UNDECLARED_SELECTOR = YES;
				GCC_WARN_UNINITIALIZED_AUTOS = YES_AGGRESSIVE;
				GCC_WARN_UNUSED_FUNCTION = YES;
				GCC_WARN_UNUSED_VARIABLE = YES;
				IPHONEOS_DEPLOYMENT_TARGET = 16.4;
				MTL_ENABLE_DEBUG_INFO = INCLUDE_SOURCE;
				MTL_FAST_MATH = YES;
				ONLY_ACTIVE_ARCH = YES;
				SDKROOT = iphoneos;
				SWIFT_ACTIVE_COMPILATION_CONDITIONS = DEBUG;
				SWIFT_OPTIMIZATION_LEVEL = "-Onone";
			};
			name = Debug;
		};
		FEF72EBF2B6AE380004EC4D0 /* Release */ = {
			isa = XCBuildConfiguration;
			buildSettings = {
				ALWAYS_SEARCH_USER_PATHS = NO;
				CLANG_ANALYZER_NONNULL = YES;
				CLANG_ANALYZER_NUMBER_OBJECT_CONVERSION = YES_AGGRESSIVE;
				CLANG_CXX_LANGUAGE_STANDARD = "gnu++20";
				CLANG_ENABLE_MODULES = YES;
				CLANG_ENABLE_OBJC_ARC = YES;
				CLANG_ENABLE_OBJC_WEAK = YES;
				CLANG_WARN_BLOCK_CAPTURE_AUTORELEASING = YES;
				CLANG_WARN_BOOL_CONVERSION = YES;
				CLANG_WARN_COMMA = YES;
				CLANG_WARN_CONSTANT_CONVERSION = YES;
				CLANG_WARN_DEPRECATED_OBJC_IMPLEMENTATIONS = YES;
				CLANG_WARN_DIRECT_OBJC_ISA_USAGE = YES_ERROR;
				CLANG_WARN_DOCUMENTATION_COMMENTS = YES;
				CLANG_WARN_EMPTY_BODY = YES;
				CLANG_WARN_ENUM_CONVERSION = YES;
				CLANG_WARN_INFINITE_RECURSION = YES;
				CLANG_WARN_INT_CONVERSION = YES;
				CLANG_WARN_NON_LITERAL_NULL_CONVERSION = YES;
				CLANG_WARN_OBJC_IMPLICIT_RETAIN_SELF = YES;
				CLANG_WARN_OBJC_LITERAL_CONVERSION = YES;
				CLANG_WARN_OBJC_ROOT_CLASS = YES_ERROR;
				CLANG_WARN_QUOTED_INCLUDE_IN_FRAMEWORK_HEADER = YES;
				CLANG_WARN_RANGE_LOOP_ANALYSIS = YES;
				CLANG_WARN_STRICT_PROTOTYPES = YES;
				CLANG_WARN_SUSPICIOUS_MOVE = YES;
				CLANG_WARN_UNGUARDED_AVAILABILITY = YES_AGGRESSIVE;
				CLANG_WARN_UNREACHABLE_CODE = YES;
				CLANG_WARN__DUPLICATE_METHOD_MATCH = YES;
				COPY_PHASE_STRIP = NO;
				DEBUG_INFORMATION_FORMAT = "dwarf-with-dsym";
				ENABLE_NS_ASSERTIONS = NO;
				ENABLE_STRICT_OBJC_MSGSEND = YES;
				GCC_C_LANGUAGE_STANDARD = gnu11;
				GCC_NO_COMMON_BLOCKS = YES;
				GCC_WARN_64_TO_32_BIT_CONVERSION = YES;
				GCC_WARN_ABOUT_RETURN_TYPE = YES_ERROR;
				GCC_WARN_UNDECLARED_SELECTOR = YES;
				GCC_WARN_UNINITIALIZED_AUTOS = YES_AGGRESSIVE;
				GCC_WARN_UNUSED_FUNCTION = YES;
				GCC_WARN_UNUSED_VARIABLE = YES;
				IPHONEOS_DEPLOYMENT_TARGET = 16.4;
				MTL_ENABLE_DEBUG_INFO = NO;
				MTL_FAST_MATH = YES;
				SDKROOT = iphoneos;
				SWIFT_COMPILATION_MODE = wholemodule;
				SWIFT_OPTIMIZATION_LEVEL = "-O";
				VALIDATE_PRODUCT = YES;
			};
			name = Release;
		};
		FEF72EC12B6AE380004EC4D0 /* Debug */ = {
			isa = XCBuildConfiguration;
			buildSettings = {
				ASSETCATALOG_COMPILER_APPICON_NAME = AppIcon;
				ASSETCATALOG_COMPILER_GLOBAL_ACCENT_COLOR_NAME = AccentColor;
				CODE_SIGN_STYLE = Automatic;
				CURRENT_PROJECT_VERSION = 1;
				DEVELOPMENT_ASSET_PATHS = "\"ProductApp/Preview Content\"";
				DEVELOPMENT_TEAM = 84HMKC95WY;
				ENABLE_PREVIEWS = YES;
				GENERATE_INFOPLIST_FILE = YES;
				INFOPLIST_KEY_UIApplicationSceneManifest_Generation = YES;
				INFOPLIST_KEY_UIApplicationSupportsIndirectInputEvents = YES;
				INFOPLIST_KEY_UILaunchScreen_Generation = YES;
				INFOPLIST_KEY_UISupportedInterfaceOrientations_iPad = "UIInterfaceOrientationPortrait UIInterfaceOrientationPortraitUpsideDown UIInterfaceOrientationLandscapeLeft UIInterfaceOrientationLandscapeRight";
				INFOPLIST_KEY_UISupportedInterfaceOrientations_iPhone = "UIInterfaceOrientationPortrait UIInterfaceOrientationLandscapeLeft UIInterfaceOrientationLandscapeRight";
				LD_RUNPATH_SEARCH_PATHS = (
					"$(inherited)",
					"@executable_path/Frameworks",
				);
				MARKETING_VERSION = 1.0;
				PRODUCT_BUNDLE_IDENTIFIER = Allison.ProductApp;
				PRODUCT_NAME = "$(TARGET_NAME)";
				SWIFT_EMIT_LOC_STRINGS = YES;
				SWIFT_VERSION = 5.0;
				TARGETED_DEVICE_FAMILY = "1,2";
			};
			name = Debug;
		};
		FEF72EC22B6AE380004EC4D0 /* Release */ = {
			isa = XCBuildConfiguration;
			buildSettings = {
				ASSETCATALOG_COMPILER_APPICON_NAME = AppIcon;
				ASSETCATALOG_COMPILER_GLOBAL_ACCENT_COLOR_NAME = AccentColor;
				CODE_SIGN_STYLE = Automatic;
				CURRENT_PROJECT_VERSION = 1;
				DEVELOPMENT_ASSET_PATHS = "\"ProductApp/Preview Content\"";
				DEVELOPMENT_TEAM = 84HMKC95WY;
				ENABLE_PREVIEWS = YES;
				GENERATE_INFOPLIST_FILE = YES;
				INFOPLIST_KEY_UIApplicationSceneManifest_Generation = YES;
				INFOPLIST_KEY_UIApplicationSupportsIndirectInputEvents = YES;
				INFOPLIST_KEY_UILaunchScreen_Generation = YES;
				INFOPLIST_KEY_UISupportedInterfaceOrientations_iPad = "UIInterfaceOrientationPortrait UIInterfaceOrientationPortraitUpsideDown UIInterfaceOrientationLandscapeLeft UIInterfaceOrientationLandscapeRight";
				INFOPLIST_KEY_UISupportedInterfaceOrientations_iPhone = "UIInterfaceOrientationPortrait UIInterfaceOrientationLandscapeLeft UIInterfaceOrientationLandscapeRight";
				LD_RUNPATH_SEARCH_PATHS = (
					"$(inherited)",
					"@executable_path/Frameworks",
				);
				MARKETING_VERSION = 1.0;
				PRODUCT_BUNDLE_IDENTIFIER = Allison.ProductApp;
				PRODUCT_NAME = "$(TARGET_NAME)";
				SWIFT_EMIT_LOC_STRINGS = YES;
				SWIFT_VERSION = 5.0;
				TARGETED_DEVICE_FAMILY = "1,2";
			};
			name = Release;
		};
/* End XCBuildConfiguration section */

/* Begin XCConfigurationList section */
		FEF72EAD2B6AE37C004EC4D0 /* Build configuration list for PBXProject "ProductApp" */ = {
			isa = XCConfigurationList;
			buildConfigurations = (
				FEF72EBE2B6AE380004EC4D0 /* Debug */,
				FEF72EBF2B6AE380004EC4D0 /* Release */,
			);
			defaultConfigurationIsVisible = 0;
			defaultConfigurationName = Release;
		};
		FEF72EC02B6AE380004EC4D0 /* Build configuration list for PBXNativeTarget "ProductApp" */ = {
			isa = XCConfigurationList;
			buildConfigurations = (
				FEF72EC12B6AE380004EC4D0 /* Debug */,
				FEF72EC22B6AE380004EC4D0 /* Release */,
			);
			defaultConfigurationIsVisible = 0;
			defaultConfigurationName = Release;
		};
/* End XCConfigurationList section */
	};
	rootObject = FEF72EAA2B6AE37C004EC4D0 /* Project object */;
}
